// !$*UTF8*$!
{
	archiveVersion = 1;
	classes = {
	};
	objectVersion = 56;
	objects = {

/* Begin PBXBuildFile section */
		7AB04BA62B59006F008942B3 /* AppDelegate.swift in Sources */ = {isa = PBXBuildFile; fileRef = 7AB04BA52B59006F008942B3 /* AppDelegate.swift */; };
		7AB04BA82B59006F008942B3 /* SceneDelegate.swift in Sources */ = {isa = PBXBuildFile; fileRef = 7AB04BA72B59006F008942B3 /* SceneDelegate.swift */; };
		7AB04BAA2B59006F008942B3 /* HomeController.swift in Sources */ = {isa = PBXBuildFile; fileRef = 7AB04BA92B59006F008942B3 /* HomeController.swift */; };
		7AB04BAF2B590071008942B3 /* Assets.xcassets in Resources */ = {isa = PBXBuildFile; fileRef = 7AB04BAE2B590071008942B3 /* Assets.xcassets */; };
		7AB04BB22B590071008942B3 /* LaunchScreen.storyboard in Resources */ = {isa = PBXBuildFile; fileRef = 7AB04BB02B590071008942B3 /* LaunchScreen.storyboard */; };
		7AB04BBB2B5904BD008942B3 /* HistoryController.swift in Sources */ = {isa = PBXBuildFile; fileRef = 7AB04BBA2B5904BD008942B3 /* HistoryController.swift */; };
		7AB04BBD2B5904E0008942B3 /* WorkoutController.swift in Sources */ = {isa = PBXBuildFile; fileRef = 7AB04BBC2B5904E0008942B3 /* WorkoutController.swift */; };
		7AB04BBF2B590576008942B3 /* TabController.swift in Sources */ = {isa = PBXBuildFile; fileRef = 7AB04BBE2B590576008942B3 /* TabController.swift */; };
/* End PBXBuildFile section */

/* Begin PBXFileReference section */
		7AB04BA22B59006F008942B3 /* newsCatcher.app */ = {isa = PBXFileReference; explicitFileType = wrapper.application; includeInIndex = 0; path = newsCatcher.app; sourceTree = BUILT_PRODUCTS_DIR; };
		7AB04BA52B59006F008942B3 /* AppDelegate.swift */ = {isa = PBXFileReference; lastKnownFileType = sourcecode.swift; path = AppDelegate.swift; sourceTree = "<group>"; };
		7AB04BA72B59006F008942B3 /* SceneDelegate.swift */ = {isa = PBXFileReference; lastKnownFileType = sourcecode.swift; path = SceneDelegate.swift; sourceTree = "<group>"; };
		7AB04BA92B59006F008942B3 /* HomeController.swift */ = {isa = PBXFileReference; lastKnownFileType = sourcecode.swift; path = HomeController.swift; sourceTree = "<group>"; };
		7AB04BAE2B590071008942B3 /* Assets.xcassets */ = {isa = PBXFileReference; lastKnownFileType = folder.assetcatalog; path = Assets.xcassets; sourceTree = "<group>"; };
		7AB04BB12B590071008942B3 /* Base */ = {isa = PBXFileReference; lastKnownFileType = file.storyboard; name = Base; path = Base.lproj/LaunchScreen.storyboard; sourceTree = "<group>"; };
		7AB04BB32B590071008942B3 /* Info.plist */ = {isa = PBXFileReference; lastKnownFileType = text.plist.xml; path = Info.plist; sourceTree = "<group>"; };
		7AB04BBA2B5904BD008942B3 /* HistoryController.swift */ = {isa = PBXFileReference; lastKnownFileType = sourcecode.swift; path = HistoryController.swift; sourceTree = "<group>"; };
		7AB04BBC2B5904E0008942B3 /* WorkoutController.swift */ = {isa = PBXFileReference; lastKnownFileType = sourcecode.swift; path = WorkoutController.swift; sourceTree = "<group>"; };
		7AB04BBE2B590576008942B3 /* TabController.swift */ = {isa = PBXFileReference; lastKnownFileType = sourcecode.swift; path = TabController.swift; sourceTree = "<group>"; };
/* End PBXFileReference section */

/* Begin PBXFrameworksBuildPhase section */
		7AB04B9F2B59006F008942B3 /* Frameworks */ = {
			isa = PBXFrameworksBuildPhase;
			buildActionMask = 2147483647;
			files = (
			);
			runOnlyForDeploymentPostprocessing = 0;
		};
/* End PBXFrameworksBuildPhase section */

/* Begin PBXGroup section */
		7AB04B992B59006E008942B3 = {
			isa = PBXGroup;
			children = (
				7AB04BA42B59006F008942B3 /* newsCatcher */,
				7AB04BA32B59006F008942B3 /* Products */,
			);
			sourceTree = "<group>";
		};
		7AB04BA32B59006F008942B3 /* Products */ = {
			isa = PBXGroup;
			children = (
				7AB04BA22B59006F008942B3 /* newsCatcher.app */,
			);
			name = Products;
			sourceTree = "<group>";
		};
		7AB04BA42B59006F008942B3 /* newsCatcher */ = {
			isa = PBXGroup;
			children = (
				7AB04BB92B59029F008942B3 /* Supporting */,
				7AB04BA92B59006F008942B3 /* HomeController.swift */,
				7AB04BBE2B590576008942B3 /* TabController.swift */,
				7AB04BBA2B5904BD008942B3 /* HistoryController.swift */,
				7AB04BBC2B5904E0008942B3 /* WorkoutController.swift */,
				7AB04BB32B590071008942B3 /* Info.plist */,
			);
			path = newsCatcher;
			sourceTree = "<group>";
		};
		7AB04BB92B59029F008942B3 /* Supporting */ = {
			isa = PBXGroup;
			children = (
				7AB04BA52B59006F008942B3 /* AppDelegate.swift */,
				7AB04BA72B59006F008942B3 /* SceneDelegate.swift */,
				7AB04BAE2B590071008942B3 /* Assets.xcassets */,
				7AB04BB02B590071008942B3 /* LaunchScreen.storyboard */,
			);
			path = Supporting;
			sourceTree = "<group>";
		};
/* End PBXGroup section */

/* Begin PBXNativeTarget section */
		7AB04BA12B59006F008942B3 /* newsCatcher */ = {
			isa = PBXNativeTarget;
			buildConfigurationList = 7AB04BB62B590071008942B3 /* Build configuration list for PBXNativeTarget "newsCatcher" */;
			buildPhases = (
				7AB04B9E2B59006F008942B3 /* Sources */,
				7AB04B9F2B59006F008942B3 /* Frameworks */,
				7AB04BA02B59006F008942B3 /* Resources */,
			);
			buildRules = (
			);
			dependencies = (
			);
			name = newsCatcher;
			productName = newsCatcher;
			productReference = 7AB04BA22B59006F008942B3 /* newsCatcher.app */;
			productType = "com.apple.product-type.application";
		};
/* End PBXNativeTarget section */

/* Begin PBXProject section */
		7AB04B9A2B59006F008942B3 /* Project object */ = {
			isa = PBXProject;
			attributes = {
				BuildIndependentTargetsInParallel = 1;
				LastSwiftUpdateCheck = 1500;
				LastUpgradeCheck = 1500;
				TargetAttributes = {
					7AB04BA12B59006F008942B3 = {
						CreatedOnToolsVersion = 15.0;
					};
				};
			};
			buildConfigurationList = 7AB04B9D2B59006F008942B3 /* Build configuration list for PBXProject "newsCatcher" */;
			compatibilityVersion = "Xcode 14.0";
			developmentRegion = en;
			hasScannedForEncodings = 0;
			knownRegions = (
				en,
				Base,
			);
			mainGroup = 7AB04B992B59006E008942B3;
			productRefGroup = 7AB04BA32B59006F008942B3 /* Products */;
			projectDirPath = "";
			projectRoot = "";
			targets = (
				7AB04BA12B59006F008942B3 /* newsCatcher */,
			);
		};
/* End PBXProject section */

/* Begin PBXResourcesBuildPhase section */
		7AB04BA02B59006F008942B3 /* Resources */ = {
			isa = PBXResourcesBuildPhase;
			buildActionMask = 2147483647;
			files = (
				7AB04BB22B590071008942B3 /* LaunchScreen.storyboard in Resources */,
				7AB04BAF2B590071008942B3 /* Assets.xcassets in Resources */,
			);
			runOnlyForDeploymentPostprocessing = 0;
		};
/* End PBXResourcesBuildPhase section */

/* Begin PBXSourcesBuildPhase section */
		7AB04B9E2B59006F008942B3 /* Sources */ = {
			isa = PBXSourcesBuildPhase;
			buildActionMask = 2147483647;
			files = (
				7AB04BBB2B5904BD008942B3 /* HistoryController.swift in Sources */,
				7AB04BBF2B590576008942B3 /* TabController.swift in Sources */,
				7AB04BAA2B59006F008942B3 /* HomeController.swift in Sources */,
				7AB04BA62B59006F008942B3 /* AppDelegate.swift in Sources */,
				7AB04BA82B59006F008942B3 /* SceneDelegate.swift in Sources */,
				7AB04BBD2B5904E0008942B3 /* WorkoutController.swift in Sources */,
			);
			runOnlyForDeploymentPostprocessing = 0;
		};
/* End PBXSourcesBuildPhase section */

/* Begin PBXVariantGroup section */
		7AB04BB02B590071008942B3 /* LaunchScreen.storyboard */ = {
			isa = PBXVariantGroup;
			children = (
				7AB04BB12B590071008942B3 /* Base */,
			);
			name = LaunchScreen.storyboard;
			sourceTree = "<group>";
		};
/* End PBXVariantGroup section */

/* Begin XCBuildConfiguration section */
		7AB04BB42B590071008942B3 /* Debug */ = {
			isa = XCBuildConfiguration;
			buildSettings = {
				ALWAYS_SEARCH_USER_PATHS = NO;
				ASSETCATALOG_COMPILER_GENERATE_SWIFT_ASSET_SYMBOL_EXTENSIONS = YES;
				CLANG_ANALYZER_NONNULL = YES;
				CLANG_ANALYZER_NUMBER_OBJECT_CONVERSION = YES_AGGRESSIVE;
				CLANG_CXX_LANGUAGE_STANDARD = "gnu++20";
				CLANG_ENABLE_MODULES = YES;
				CLANG_ENABLE_OBJC_ARC = YES;
				CLANG_ENABLE_OBJC_WEAK = YES;
				CLANG_WARN_BLOCK_CAPTURE_AUTORELEASING = YES;
				CLANG_WARN_BOOL_CONVERSION = YES;
				CLANG_WARN_COMMA = YES;
				CLANG_WARN_CONSTANT_CONVERSION = YES;
				CLANG_WARN_DEPRECATED_OBJC_IMPLEMENTATIONS = YES;
				CLANG_WARN_DIRECT_OBJC_ISA_USAGE = YES_ERROR;
				CLANG_WARN_DOCUMENTATION_COMMENTS = YES;
				CLANG_WARN_EMPTY_BODY = YES;
				CLANG_WARN_ENUM_CONVERSION = YES;
				CLANG_WARN_INFINITE_RECURSION = YES;
				CLANG_WARN_INT_CONVERSION = YES;
				CLANG_WARN_NON_LITERAL_NULL_CONVERSION = YES;
				CLANG_WARN_OBJC_IMPLICIT_RETAIN_SELF = YES;
				CLANG_WARN_OBJC_LITERAL_CONVERSION = YES;
				CLANG_WARN_OBJC_ROOT_CLASS = YES_ERROR;
				CLANG_WARN_QUOTED_INCLUDE_IN_FRAMEWORK_HEADER = YES;
				CLANG_WARN_RANGE_LOOP_ANALYSIS = YES;
				CLANG_WARN_STRICT_PROTOTYPES = YES;
				CLANG_WARN_SUSPICIOUS_MOVE = YES;
				CLANG_WARN_UNGUARDED_AVAILABILITY = YES_AGGRESSIVE;
				CLANG_WARN_UNREACHABLE_CODE = YES;
				CLANG_WARN__DUPLICATE_METHOD_MATCH = YES;
				COPY_PHASE_STRIP = NO;
				DEBUG_INFORMATION_FORMAT = dwarf;
				ENABLE_STRICT_OBJC_MSGSEND = YES;
				ENABLE_TESTABILITY = YES;
				ENABLE_USER_SCRIPT_SANDBOXING = YES;
				GCC_C_LANGUAGE_STANDARD = gnu17;
				GCC_DYNAMIC_NO_PIC = NO;
				GCC_NO_COMMON_BLOCKS = YES;
				GCC_OPTIMIZATION_LEVEL = 0;
				GCC_PREPROCESSOR_DEFINITIONS = (
					"DEBUG=1",
					"$(inherited)",
				);
				GCC_WARN_64_TO_32_BIT_CONVERSION = YES;
				GCC_WARN_ABOUT_RETURN_TYPE = YES_ERROR;
				GCC_WARN_UNDECLARED_SELECTOR = YES;
				GCC_WARN_UNINITIALIZED_AUTOS = YES_AGGRESSIVE;
				GCC_WARN_UNUSED_FUNCTION = YES;
				GCC_WARN_UNUSED_VARIABLE = YES;
				IPHONEOS_DEPLOYMENT_TARGET = 17.0;
				LOCALIZATION_PREFERS_STRING_CATALOGS = YES;
				MTL_ENABLE_DEBUG_INFO = INCLUDE_SOURCE;
				MTL_FAST_MATH = YES;
				ONLY_ACTIVE_ARCH = YES;
				SDKROOT = iphoneos;
				SWIFT_ACTIVE_COMPILATION_CONDITIONS = "DEBUG $(inherited)";
				SWIFT_OPTIMIZATION_LEVEL = "-Onone";
			};
			name = Debug;
		};
		7AB04BB52B590071008942B3 /* Release */ = {
			isa = XCBuildConfiguration;
			buildSettings = {
				ALWAYS_SEARCH_USER_PATHS = NO;
				ASSETCATALOG_COMPILER_GENERATE_SWIFT_ASSET_SYMBOL_EXTENSIONS = YES;
				CLANG_ANALYZER_NONNULL = YES;
				CLANG_ANALYZER_NUMBER_OBJECT_CONVERSION = YES_AGGRESSIVE;
				CLANG_CXX_LANGUAGE_STANDARD = "gnu++20";
				CLANG_ENABLE_MODULES = YES;
				CLANG_ENABLE_OBJC_ARC = YES;
				CLANG_ENABLE_OBJC_WEAK = YES;
				CLANG_WARN_BLOCK_CAPTURE_AUTORELEASING = YES;
				CLANG_WARN_BOOL_CONVERSION = YES;
				CLANG_WARN_COMMA = YES;
				CLANG_WARN_CONSTANT_CONVERSION = YES;
				CLANG_WARN_DEPRECATED_OBJC_IMPLEMENTATIONS = YES;
				CLANG_WARN_DIRECT_OBJC_ISA_USAGE = YES_ERROR;
				CLANG_WARN_DOCUMENTATION_COMMENTS = YES;
				CLANG_WARN_EMPTY_BODY = YES;
				CLANG_WARN_ENUM_CONVERSION = YES;
				CLANG_WARN_INFINITE_RECURSION = YES;
				CLANG_WARN_INT_CONVERSION = YES;
				CLANG_WARN_NON_LITERAL_NULL_CONVERSION = YES;
				CLANG_WARN_OBJC_IMPLICIT_RETAIN_SELF = YES;
				CLANG_WARN_OBJC_LITERAL_CONVERSION = YES;
				CLANG_WARN_OBJC_ROOT_CLASS = YES_ERROR;
				CLANG_WARN_QUOTED_INCLUDE_IN_FRAMEWORK_HEADER = YES;
				CLANG_WARN_RANGE_LOOP_ANALYSIS = YES;
				CLANG_WARN_STRICT_PROTOTYPES = YES;
				CLANG_WARN_SUSPICIOUS_MOVE = YES;
				CLANG_WARN_UNGUARDED_AVAILABILITY = YES_AGGRESSIVE;
				CLANG_WARN_UNREACHABLE_CODE = YES;
				CLANG_WARN__DUPLICATE_METHOD_MATCH = YES;
				COPY_PHASE_STRIP = NO;
				DEBUG_INFORMATION_FORMAT = "dwarf-with-dsym";
				ENABLE_NS_ASSERTIONS = NO;
				ENABLE_STRICT_OBJC_MSGSEND = YES;
				ENABLE_USER_SCRIPT_SANDBOXING = YES;
				GCC_C_LANGUAGE_STANDARD = gnu17;
				GCC_NO_COMMON_BLOCKS = YES;
				GCC_WARN_64_TO_32_BIT_CONVERSION = YES;
				GCC_WARN_ABOUT_RETURN_TYPE = YES_ERROR;
				GCC_WARN_UNDECLARED_SELECTOR = YES;
				GCC_WARN_UNINITIALIZED_AUTOS = YES_AGGRESSIVE;
				GCC_WARN_UNUSED_FUNCTION = YES;
				GCC_WARN_UNUSED_VARIABLE = YES;
				IPHONEOS_DEPLOYMENT_TARGET = 17.0;
				LOCALIZATION_PREFERS_STRING_CATALOGS = YES;
				MTL_ENABLE_DEBUG_INFO = NO;
				MTL_FAST_MATH = YES;
				SDKROOT = iphoneos;
				SWIFT_COMPILATION_MODE = wholemodule;
				VALIDATE_PRODUCT = YES;
			};
			name = Release;
		};
		7AB04BB72B590071008942B3 /* Debug */ = {
			isa = XCBuildConfiguration;
			buildSettings = {
				ASSETCATALOG_COMPILER_APPICON_NAME = AppIcon;
				ASSETCATALOG_COMPILER_GLOBAL_ACCENT_COLOR_NAME = AccentColor;
				CODE_SIGN_STYLE = Automatic;
				CURRENT_PROJECT_VERSION = 1;
				DEVELOPMENT_TEAM = 963Q5MY7HY;
				GENERATE_INFOPLIST_FILE = YES;
				INFOPLIST_FILE = newsCatcher/Info.plist;
				INFOPLIST_KEY_UIApplicationSupportsIndirectInputEvents = YES;
				INFOPLIST_KEY_UILaunchStoryboardName = LaunchScreen;
				INFOPLIST_KEY_UISupportedInterfaceOrientations_iPad = "UIInterfaceOrientationPortrait UIInterfaceOrientationPortraitUpsideDown UIInterfaceOrientationLandscapeLeft UIInterfaceOrientationLandscapeRight";
				INFOPLIST_KEY_UISupportedInterfaceOrientations_iPhone = "UIInterfaceOrientationPortrait UIInterfaceOrientationLandscapeLeft UIInterfaceOrientationLandscapeRight";
				LD_RUNPATH_SEARCH_PATHS = (
					"$(inherited)",
					"@executable_path/Frameworks",
				);
				MARKETING_VERSION = 1.0;
				PRODUCT_BUNDLE_IDENTIFIER = com.nazrinatayeva.newsCatcher;
				PRODUCT_NAME = "$(TARGET_NAME)";
				SWIFT_EMIT_LOC_STRINGS = YES;
				SWIFT_VERSION = 5.0;
				TARGETED_DEVICE_FAMILY = "1,2";
			};
			name = Debug;
		};
		7AB04BB82B590071008942B3 /* Release */ = {
			isa = XCBuildConfiguration;
			buildSettings = {
				ASSETCATALOG_COMPILER_APPICON_NAME = AppIcon;
				ASSETCATALOG_COMPILER_GLOBAL_ACCENT_COLOR_NAME = AccentColor;
				CODE_SIGN_STYLE = Automatic;
				CURRENT_PROJECT_VERSION = 1;
				DEVELOPMENT_TEAM = 963Q5MY7HY;
				GENERATE_INFOPLIST_FILE = YES;
				INFOPLIST_FILE = newsCatcher/Info.plist;
				INFOPLIST_KEY_UIApplicationSupportsIndirectInputEvents = YES;
				INFOPLIST_KEY_UILaunchStoryboardName = LaunchScreen;
				INFOPLIST_KEY_UISupportedInterfaceOrientations_iPad = "UIInterfaceOrientationPortrait UIInterfaceOrientationPortraitUpsideDown UIInterfaceOrientationLandscapeLeft UIInterfaceOrientationLandscapeRight";
				INFOPLIST_KEY_UISupportedInterfaceOrientations_iPhone = "UIInterfaceOrientationPortrait UIInterfaceOrientationLandscapeLeft UIInterfaceOrientationLandscapeRight";
				LD_RUNPATH_SEARCH_PATHS = (
					"$(inherited)",
					"@executable_path/Frameworks",
				);
				MARKETING_VERSION = 1.0;
				PRODUCT_BUNDLE_IDENTIFIER = com.nazrinatayeva.newsCatcher;
				PRODUCT_NAME = "$(TARGET_NAME)";
				SWIFT_EMIT_LOC_STRINGS = YES;
				SWIFT_VERSION = 5.0;
				TARGETED_DEVICE_FAMILY = "1,2";
			};
			name = Release;
		};
/* End XCBuildConfiguration section */

/* Begin XCConfigurationList section */
		7AB04B9D2B59006F008942B3 /* Build configuration list for PBXProject "newsCatcher" */ = {
			isa = XCConfigurationList;
			buildConfigurations = (
				7AB04BB42B590071008942B3 /* Debug */,
				7AB04BB52B590071008942B3 /* Release */,
			);
			defaultConfigurationIsVisible = 0;
			defaultConfigurationName = Release;
		};
		7AB04BB62B590071008942B3 /* Build configuration list for PBXNativeTarget "newsCatcher" */ = {
			isa = XCConfigurationList;
			buildConfigurations = (
				7AB04BB72B590071008942B3 /* Debug */,
				7AB04BB82B590071008942B3 /* Release */,
			);
			defaultConfigurationIsVisible = 0;
			defaultConfigurationName = Release;
		};
/* End XCConfigurationList section */
	};
	rootObject = 7AB04B9A2B59006F008942B3 /* Project object */;
}
